
Microsoft Visual Studio Solution File, Format Version 11.00
# Visual C++ Express 2010
Project("{8BC9CEB8-8B4A-11D0-8D11-00A0C91BC942}") = "Haptic_BMI_Noise", "Haptic_BMI_Noise\Haptic_BMI_Noise.vcxproj", "{8AB7ECF5-64D7-4263-9F5B-808E35C298B6}"
EndProject
Global
	GlobalSection(SolutionConfigurationPlatforms) = preSolution
		Debug|Win32 = Debug|Win32
		Release|Win32 = Release|Win32
	EndGlobalSection
	GlobalSection(ProjectConfigurationPlatforms) = postSolution
		{8AB7ECF5-64D7-4263-9F5B-808E35C298B6}.Debug|Win32.ActiveCfg = Debug|Win32
		{8AB7ECF5-64D7-4263-9F5B-808E35C298B6}.Debug|Win32.Build.0 = Debug|Win32
		{8AB7ECF5-64D7-4263-9F5B-808E35C298B6}.Release|Win32.ActiveCfg = Release|Win32
		{8AB7ECF5-64D7-4263-9F5B-808E35C298B6}.Release|Win32.Build.0 = Release|Win32
	EndGlobalSection
	GlobalSection(SolutionProperties) = preSolution
		HideSolutionNode = FALSE
	EndGlobalSection
EndGlobal
